<?xml version="1.0" encoding="utf-8"?>
<Project ToolsVersion="4.0" xmlns="http://schemas.microsoft.com/developer/msbuild/2003">
  <ItemGroup>
    <ClInclude Include="src\egl_context.h">
      <Filter>src</Filter>
    </ClInclude>
    <ClInclude Include="include\GLFW\glfw3.h">
      <Filter>src</Filter>
    </ClInclude>
    <ClInclude Include="include\GLFW\glfw3native.h">
      <Filter>src</Filter>
    </ClInclude>
    <ClInclude Include="src\internal.h">
      <Filter>src</Filter>
    </ClInclude>
    <ClInclude Include="src\wgl_context.h">
      <Filter>src</Filter>
    </ClInclude>
    <ClInclude Include="src\win32_joystick.h">
      <Filter>src\win32</Filter>
    </ClInclude>
    <ClInclude Include="src\win32_platform.h">
      <Filter>src\win32</Filter>
    </ClInclude>
    <ClInclude Include="src\osmesa_context.h">
      <Filter>src</Filter>
    </ClInclude>
  </ItemGroup>
  <ItemGroup>
    <ClCompile Include="src\context.c">
      <Filter>src</Filter>
    </ClCompile>
    <ClCompile Include="src\egl_context.c">
      <Filter>src</Filter>
    </ClCompile>
    <ClCompile Include="src\init.c">
      <Filter>src</Filter>
    </ClCompile>
    <ClCompile Include="src\input.c">
      <Filter>src</Filter>
    </ClCompile>
    <ClCompile Include="src\monitor.c">
      <Filter>src</Filter>
    </ClCompile>
    <ClCompile Include="src\vulkan.c">
      <Filter>src</Filter>
    </ClCompile>
    <ClCompile Include="src\wgl_context.c">
      <Filter>src</Filter>
    </ClCompile>
    <ClCompile Include="src\window.c">
      <Filter>src</Filter>
    </ClCompile>
    <ClCompile Include="src\win32_init.c">
      <Filter>src\win32</Filter>
    </ClCompile>
    <ClCompile Include="src\win32_joystick.c">
      <Filter>src\win32</Filter>
    </ClCompile>
    <ClCompile Include="src\win32_monitor.c">
      <Filter>src\win32</Filter>
    </ClCompile>
    <ClCompile Include="src\win32_time.c">
      <Filter>src\win32</Filter>
    </ClCompile>
    <ClCompile Include="src\win32_tls.c">
      <Filter>src\win32</Filter>
    </ClCompile>
    <ClCompile Include="src\win32_window.c">
      <Filter>src\win32</Filter>
    </ClCompile>
    <ClCompile Include="src\osmesa_context.c">
      <Filter>src</Filter>
    </ClCompile>
  </ItemGroup>
  <ItemGroup>
    <Filter Include="src">
      <UniqueIdentifier>{e2f6e19f-d3a4-441c-bdae-1d23754c63ac}</UniqueIdentifier>
    </Filter>
    <Filter Include="src\win32">
      <UniqueIdentifier>{0180919b-8dc1-45d8-90d3-4004d92456f7}</UniqueIdentifier>
    </Filter>
  </ItemGroup>
</Project>