
Microsoft Visual Studio Solution File, Format Version 12.00
# Visual Studio 15
VisualStudioVersion = 15.0.27004.2005
MinimumVisualStudioVersion = 10.0.40219.1
Project("{8BC9CEB8-8B4A-11D0-8D11-00A0C91BC942}") = "Engine", "GLEW-Graphics\GLEW-Graphics.vcxproj", "{32290AB3-60BB-455F-9B04-9622F769FC1E}"
	ProjectSection(ProjectDependencies) = postProject
		{C1CF0BCA-F11F-379A-8724-DCB44F4190FB} = {C1CF0BCA-F11F-379A-8724-DCB44F4190FB}
	EndProjectSection
EndProject
Project("{2150E333-8FDC-42A3-9474-1A3956D46DE8}") = "Dependencies", "Dependencies", "{39C3F2D2-13BB-4961-B302-EFCCA427288D}"
EndProject
Project("{8BC9CEB8-8B4A-11D0-8D11-00A0C91BC942}") = "Game", "Game\Game.vcxproj", "{3F7D1829-D7AF-42EF-9012-41CB7DA18E8D}"
	ProjectSection(ProjectDependencies) = postProject
		{C1CF0BCA-F11F-379A-8724-DCB44F4190FB} = {C1CF0BCA-F11F-379A-8724-DCB44F4190FB}
	EndProjectSection
EndProject
Project("{8BC9CEB8-8B4A-11D0-8D11-00A0C91BC942}") = "GLFW", "Dependencies\GLFW\GLFW.vcxproj", "{FE99FC3B-E104-4F12-8D2A-DA37AF1E4BF4}"
EndProject
Project("{8BC9CEB8-8B4A-11D0-8D11-00A0C91BC942}") = "GLEW", "Dependencies\GLEW\GLEW.vcxproj", "{A51D929A-6413-4CA1-AE95-CEBC60B16490}"
EndProject
Project("{8BC9CEB8-8B4A-11D0-8D11-00A0C91BC942}") = "FreeType", "Dependencies\FreeType\freetype.vcxproj", "{C1CF0BCA-F11F-379A-8724-DCB44F4190FB}"
EndProject
Project("{8BC9CEB8-8B4A-11D0-8D11-00A0C91BC942}") = "FreeTypeGL", "Dependencies\FreeTypeGL\FreeTypeGL\FreeTypeGL.vcxproj", "{9FE9C9CC-DB09-4FD3-B956-08305DDC253D}"
EndProject
Global
	GlobalSection(SolutionConfigurationPlatforms) = preSolution
		Debug|x64 = Debug|x64
		Debug|x86 = Debug|x86
		MinSizeRel|x64 = MinSizeRel|x64
		MinSizeRel|x86 = MinSizeRel|x86
		Release|x64 = Release|x64
		Release|x86 = Release|x86
		RelWithDebInfo|x64 = RelWithDebInfo|x64
		RelWithDebInfo|x86 = RelWithDebInfo|x86
	EndGlobalSection
	GlobalSection(ProjectConfigurationPlatforms) = postSolution
		{32290AB3-60BB-455F-9B04-9622F769FC1E}.Debug|x64.ActiveCfg = Debug|x64
		{32290AB3-60BB-455F-9B04-9622F769FC1E}.Debug|x64.Build.0 = Debug|x64
		{32290AB3-60BB-455F-9B04-9622F769FC1E}.Debug|x86.ActiveCfg = Debug|Win32
		{32290AB3-60BB-455F-9B04-9622F769FC1E}.Debug|x86.Build.0 = Debug|Win32
		{32290AB3-60BB-455F-9B04-9622F769FC1E}.MinSizeRel|x64.ActiveCfg = test|x64
		{32290AB3-60BB-455F-9B04-9622F769FC1E}.MinSizeRel|x64.Build.0 = test|x64
		{32290AB3-60BB-455F-9B04-9622F769FC1E}.MinSizeRel|x86.ActiveCfg = test|Win32
		{32290AB3-60BB-455F-9B04-9622F769FC1E}.MinSizeRel|x86.Build.0 = test|Win32
		{32290AB3-60BB-455F-9B04-9622F769FC1E}.Release|x64.ActiveCfg = Release|x64
		{32290AB3-60BB-455F-9B04-9622F769FC1E}.Release|x64.Build.0 = Release|x64
		{32290AB3-60BB-455F-9B04-9622F769FC1E}.Release|x86.ActiveCfg = Release|Win32
		{32290AB3-60BB-455F-9B04-9622F769FC1E}.Release|x86.Build.0 = Release|Win32
		{32290AB3-60BB-455F-9B04-9622F769FC1E}.RelWithDebInfo|x64.ActiveCfg = Release|x64
		{32290AB3-60BB-455F-9B04-9622F769FC1E}.RelWithDebInfo|x64.Build.0 = Release|x64
		{32290AB3-60BB-455F-9B04-9622F769FC1E}.RelWithDebInfo|x86.ActiveCfg = Release|Win32
		{32290AB3-60BB-455F-9B04-9622F769FC1E}.RelWithDebInfo|x86.Build.0 = Release|Win32
		{3F7D1829-D7AF-42EF-9012-41CB7DA18E8D}.Debug|x64.ActiveCfg = Debug|x64
		{3F7D1829-D7AF-42EF-9012-41CB7DA18E8D}.Debug|x64.Build.0 = Debug|x64
		{3F7D1829-D7AF-42EF-9012-41CB7DA18E8D}.Debug|x86.ActiveCfg = Debug|Win32
		{3F7D1829-D7AF-42EF-9012-41CB7DA18E8D}.Debug|x86.Build.0 = Debug|Win32
		{3F7D1829-D7AF-42EF-9012-41CB7DA18E8D}.MinSizeRel|x64.ActiveCfg = Release|x64
		{3F7D1829-D7AF-42EF-9012-41CB7DA18E8D}.MinSizeRel|x64.Build.0 = Release|x64
		{3F7D1829-D7AF-42EF-9012-41CB7DA18E8D}.MinSizeRel|x86.ActiveCfg = Release|Win32
		{3F7D1829-D7AF-42EF-9012-41CB7DA18E8D}.MinSizeRel|x86.Build.0 = Release|Win32
		{3F7D1829-D7AF-42EF-9012-41CB7DA18E8D}.Release|x64.ActiveCfg = Release|x64
		{3F7D1829-D7AF-42EF-9012-41CB7DA18E8D}.Release|x64.Build.0 = Release|x64
		{3F7D1829-D7AF-42EF-9012-41CB7DA18E8D}.Release|x86.ActiveCfg = Release|Win32
		{3F7D1829-D7AF-42EF-9012-41CB7DA18E8D}.Release|x86.Build.0 = Release|Win32
		{3F7D1829-D7AF-42EF-9012-41CB7DA18E8D}.RelWithDebInfo|x64.ActiveCfg = Release|x64
		{3F7D1829-D7AF-42EF-9012-41CB7DA18E8D}.RelWithDebInfo|x64.Build.0 = Release|x64
		{3F7D1829-D7AF-42EF-9012-41CB7DA18E8D}.RelWithDebInfo|x86.ActiveCfg = Release|Win32
		{3F7D1829-D7AF-42EF-9012-41CB7DA18E8D}.RelWithDebInfo|x86.Build.0 = Release|Win32
		{FE99FC3B-E104-4F12-8D2A-DA37AF1E4BF4}.Debug|x64.ActiveCfg = Debug|x64
		{FE99FC3B-E104-4F12-8D2A-DA37AF1E4BF4}.Debug|x64.Build.0 = Debug|x64
		{FE99FC3B-E104-4F12-8D2A-DA37AF1E4BF4}.Debug|x64.Deploy.0 = Debug|x64
		{FE99FC3B-E104-4F12-8D2A-DA37AF1E4BF4}.Debug|x86.ActiveCfg = Debug|Win32
		{FE99FC3B-E104-4F12-8D2A-DA37AF1E4BF4}.Debug|x86.Build.0 = Debug|Win32
		{FE99FC3B-E104-4F12-8D2A-DA37AF1E4BF4}.MinSizeRel|x64.ActiveCfg = Release|x64
		{FE99FC3B-E104-4F12-8D2A-DA37AF1E4BF4}.MinSizeRel|x64.Build.0 = Release|x64
		{FE99FC3B-E104-4F12-8D2A-DA37AF1E4BF4}.MinSizeRel|x64.Deploy.0 = Release|x64
		{FE99FC3B-E104-4F12-8D2A-DA37AF1E4BF4}.MinSizeRel|x86.ActiveCfg = Release|Win32
		{FE99FC3B-E104-4F12-8D2A-DA37AF1E4BF4}.MinSizeRel|x86.Build.0 = Release|Win32
		{FE99FC3B-E104-4F12-8D2A-DA37AF1E4BF4}.MinSizeRel|x86.Deploy.0 = Release|Win32
		{FE99FC3B-E104-4F12-8D2A-DA37AF1E4BF4}.Release|x64.ActiveCfg = Release|x64
		{FE99FC3B-E104-4F12-8D2A-DA37AF1E4BF4}.Release|x64.Build.0 = Release|x64
		{FE99FC3B-E104-4F12-8D2A-DA37AF1E4BF4}.Release|x64.Deploy.0 = Release|x64
		{FE99FC3B-E104-4F12-8D2A-DA37AF1E4BF4}.Release|x86.ActiveCfg = Release|Win32
		{FE99FC3B-E104-4F12-8D2A-DA37AF1E4BF4}.Release|x86.Build.0 = Release|Win32
		{FE99FC3B-E104-4F12-8D2A-DA37AF1E4BF4}.RelWithDebInfo|x64.ActiveCfg = Release|x64
		{FE99FC3B-E104-4F12-8D2A-DA37AF1E4BF4}.RelWithDebInfo|x64.Build.0 = Release|x64
		{FE99FC3B-E104-4F12-8D2A-DA37AF1E4BF4}.RelWithDebInfo|x64.Deploy.0 = Release|x64
		{FE99FC3B-E104-4F12-8D2A-DA37AF1E4BF4}.RelWithDebInfo|x86.ActiveCfg = Release|Win32
		{FE99FC3B-E104-4F12-8D2A-DA37AF1E4BF4}.RelWithDebInfo|x86.Build.0 = Release|Win32
		{FE99FC3B-E104-4F12-8D2A-DA37AF1E4BF4}.RelWithDebInfo|x86.Deploy.0 = Release|Win32
		{A51D929A-6413-4CA1-AE95-CEBC60B16490}.Debug|x64.ActiveCfg = Debug|x64
		{A51D929A-6413-4CA1-AE95-CEBC60B16490}.Debug|x64.Build.0 = Debug|x64
		{A51D929A-6413-4CA1-AE95-CEBC60B16490}.Debug|x64.Deploy.0 = Debug|x64
		{A51D929A-6413-4CA1-AE95-CEBC60B16490}.Debug|x86.ActiveCfg = Debug|Win32
		{A51D929A-6413-4CA1-AE95-CEBC60B16490}.Debug|x86.Build.0 = Debug|Win32
		{A51D929A-6413-4CA1-AE95-CEBC60B16490}.MinSizeRel|x64.ActiveCfg = Release|x64
		{A51D929A-6413-4CA1-AE95-CEBC60B16490}.MinSizeRel|x64.Build.0 = Release|x64
		{A51D929A-6413-4CA1-AE95-CEBC60B16490}.MinSizeRel|x64.Deploy.0 = Release|x64
		{A51D929A-6413-4CA1-AE95-CEBC60B16490}.MinSizeRel|x86.ActiveCfg = Release|Win32
		{A51D929A-6413-4CA1-AE95-CEBC60B16490}.MinSizeRel|x86.Build.0 = Release|Win32
		{A51D929A-6413-4CA1-AE95-CEBC60B16490}.MinSizeRel|x86.Deploy.0 = Release|Win32
		{A51D929A-6413-4CA1-AE95-CEBC60B16490}.Release|x64.ActiveCfg = Release|x64
		{A51D929A-6413-4CA1-AE95-CEBC60B16490}.Release|x64.Build.0 = Release|x64
		{A51D929A-6413-4CA1-AE95-CEBC60B16490}.Release|x64.Deploy.0 = Release|x64
		{A51D929A-6413-4CA1-AE95-CEBC60B16490}.Release|x86.ActiveCfg = Release|Win32
		{A51D929A-6413-4CA1-AE95-CEBC60B16490}.Release|x86.Build.0 = Release|Win32
		{A51D929A-6413-4CA1-AE95-CEBC60B16490}.RelWithDebInfo|x64.ActiveCfg = Release|x64
		{A51D929A-6413-4CA1-AE95-CEBC60B16490}.RelWithDebInfo|x64.Build.0 = Release|x64
		{A51D929A-6413-4CA1-AE95-CEBC60B16490}.RelWithDebInfo|x64.Deploy.0 = Release|x64
		{A51D929A-6413-4CA1-AE95-CEBC60B16490}.RelWithDebInfo|x86.ActiveCfg = Release|Win32
		{A51D929A-6413-4CA1-AE95-CEBC60B16490}.RelWithDebInfo|x86.Build.0 = Release|Win32
		{A51D929A-6413-4CA1-AE95-CEBC60B16490}.RelWithDebInfo|x86.Deploy.0 = Release|Win32
		{C1CF0BCA-F11F-379A-8724-DCB44F4190FB}.Debug|x64.ActiveCfg = Debug|Win32
		{C1CF0BCA-F11F-379A-8724-DCB44F4190FB}.Debug|x86.ActiveCfg = Debug|Win32
		{C1CF0BCA-F11F-379A-8724-DCB44F4190FB}.Debug|x86.Build.0 = Debug|Win32
		{C1CF0BCA-F11F-379A-8724-DCB44F4190FB}.MinSizeRel|x64.ActiveCfg = MinSizeRel|Win32
		{C1CF0BCA-F11F-379A-8724-DCB44F4190FB}.MinSizeRel|x86.ActiveCfg = MinSizeRel|Win32
		{C1CF0BCA-F11F-379A-8724-DCB44F4190FB}.MinSizeRel|x86.Build.0 = MinSizeRel|Win32
		{C1CF0BCA-F11F-379A-8724-DCB44F4190FB}.Release|x64.ActiveCfg = Release|Win32
		{C1CF0BCA-F11F-379A-8724-DCB44F4190FB}.Release|x86.ActiveCfg = Release|Win32
		{C1CF0BCA-F11F-379A-8724-DCB44F4190FB}.Release|x86.Build.0 = Release|Win32
		{C1CF0BCA-F11F-379A-8724-DCB44F4190FB}.RelWithDebInfo|x64.ActiveCfg = RelWithDebInfo|Win32
		{C1CF0BCA-F11F-379A-8724-DCB44F4190FB}.RelWithDebInfo|x86.ActiveCfg = RelWithDebInfo|Win32
		{C1CF0BCA-F11F-379A-8724-DCB44F4190FB}.RelWithDebInfo|x86.Build.0 = RelWithDebInfo|Win32
		{9FE9C9CC-DB09-4FD3-B956-08305DDC253D}.Debug|x64.ActiveCfg = Debug|x64
		{9FE9C9CC-DB09-4FD3-B956-08305DDC253D}.Debug|x64.Build.0 = Debug|x64
		{9FE9C9CC-DB09-4FD3-B956-08305DDC253D}.Debug|x86.ActiveCfg = Debug|Win32
		{9FE9C9CC-DB09-4FD3-B956-08305DDC253D}.Debug|x86.Build.0 = Debug|Win32
		{9FE9C9CC-DB09-4FD3-B956-08305DDC253D}.MinSizeRel|x64.ActiveCfg = Release|x64
		{9FE9C9CC-DB09-4FD3-B956-08305DDC253D}.MinSizeRel|x64.Build.0 = Release|x64
		{9FE9C9CC-DB09-4FD3-B956-08305DDC253D}.MinSizeRel|x86.ActiveCfg = Release|Win32
		{9FE9C9CC-DB09-4FD3-B956-08305DDC253D}.MinSizeRel|x86.Build.0 = Release|Win32
		{9FE9C9CC-DB09-4FD3-B956-08305DDC253D}.Release|x64.ActiveCfg = Release|x64
		{9FE9C9CC-DB09-4FD3-B956-08305DDC253D}.Release|x64.Build.0 = Release|x64
		{9FE9C9CC-DB09-4FD3-B956-08305DDC253D}.Release|x86.ActiveCfg = Release|Win32
		{9FE9C9CC-DB09-4FD3-B956-08305DDC253D}.Release|x86.Build.0 = Release|Win32
		{9FE9C9CC-DB09-4FD3-B956-08305DDC253D}.RelWithDebInfo|x64.ActiveCfg = Release|x64
		{9FE9C9CC-DB09-4FD3-B956-08305DDC253D}.RelWithDebInfo|x64.Build.0 = Release|x64
		{9FE9C9CC-DB09-4FD3-B956-08305DDC253D}.RelWithDebInfo|x86.ActiveCfg = Release|Win32
		{9FE9C9CC-DB09-4FD3-B956-08305DDC253D}.RelWithDebInfo|x86.Build.0 = Release|Win32
	EndGlobalSection
	GlobalSection(SolutionProperties) = preSolution
		HideSolutionNode = FALSE
	EndGlobalSection
	GlobalSection(NestedProjects) = preSolution
		{FE99FC3B-E104-4F12-8D2A-DA37AF1E4BF4} = {39C3F2D2-13BB-4961-B302-EFCCA427288D}
		{A51D929A-6413-4CA1-AE95-CEBC60B16490} = {39C3F2D2-13BB-4961-B302-EFCCA427288D}
		{C1CF0BCA-F11F-379A-8724-DCB44F4190FB} = {39C3F2D2-13BB-4961-B302-EFCCA427288D}
		{9FE9C9CC-DB09-4FD3-B956-08305DDC253D} = {39C3F2D2-13BB-4961-B302-EFCCA427288D}
	EndGlobalSection
	GlobalSection(ExtensibilityGlobals) = postSolution
		SolutionGuid = {B32483DA-1377-4E23-BCDF-9B0121143F73}
	EndGlobalSection
EndGlobal
